
Microsoft Visual Studio Solution File, Format Version 12.00
# Visual Studio Version 16
VisualStudioVersion = 16.0.29728.190
MinimumVisualStudioVersion = 10.0.40219.1
Project("{FAE04EC0-301F-11D3-BF4B-00C04F79EFBC}") = "TrackerLibrary", "TrackerLibrary\TrackerLibrary.csproj", "{24ABD914-C9CD-48A4-894D-6507A9C26F73}"
EndProject
Project("{FAE04EC0-301F-11D3-BF4B-00C04F79EFBC}") = "TrackerUI", "TrackerUI\TrackerUI.csproj", "{8EF85DA9-8527-4AC1-8574-EE1E634CE6F8}"
EndProject
Global
	GlobalSection(SolutionConfigurationPlatforms) = preSolution
		Debug|Any CPU = Debug|Any CPU
		Release|Any CPU = Release|Any CPU
	EndGlobalSection
	GlobalSection(ProjectConfigurationPlatforms) = postSolution
		{24ABD914-C9CD-48A4-894D-6507A9C26F73}.Debug|Any CPU.ActiveCfg = Debug|Any CPU
		{24ABD914-C9CD-48A4-894D-6507A9C26F73}.Debug|Any CPU.Build.0 = Debug|Any CPU
		{24ABD914-C9CD-48A4-894D-6507A9C26F73}.Release|Any CPU.ActiveCfg = Release|Any CPU
		{24ABD914-C9CD-48A4-894D-6507A9C26F73}.Release|Any CPU.Build.0 = Release|Any CPU
		{8EF85DA9-8527-4AC1-8574-EE1E634CE6F8}.Debug|Any CPU.ActiveCfg = Debug|Any CPU
		{8EF85DA9-8527-4AC1-8574-EE1E634CE6F8}.Debug|Any CPU.Build.0 = Debug|Any CPU
		{8EF85DA9-8527-4AC1-8574-EE1E634CE6F8}.Release|Any CPU.ActiveCfg = Release|Any CPU
		{8EF85DA9-8527-4AC1-8574-EE1E634CE6F8}.Release|Any CPU.Build.0 = Release|Any CPU
	EndGlobalSection
	GlobalSection(SolutionProperties) = preSolution
		HideSolutionNode = FALSE
	EndGlobalSection
	GlobalSection(ExtensibilityGlobals) = postSolution
		SolutionGuid = {31D6E856-749C-4F3C-B7DC-59042FE97BE2}
	EndGlobalSection
EndGlobal
